
Microsoft Visual Studio Solution File, Format Version 12.00
# Visual Studio 2012
Project("{FAE04EC0-301F-11D3-BF4B-00C04F79EFBC}") = "TimetablingClientApplication", "TimetablingClientApplication\TimetablingClientApplication.csproj", "{BE663B36-D9AF-4D2B-8575-B8ADF130566C}"
EndProject
Global
	GlobalSection(SolutionConfigurationPlatforms) = preSolution
		Debug|Any CPU = Debug|Any CPU
		Release|Any CPU = Release|Any CPU
	EndGlobalSection
	GlobalSection(ProjectConfigurationPlatforms) = postSolution
		{BE663B36-D9AF-4D2B-8575-B8ADF130566C}.Debug|Any CPU.ActiveCfg = Debug|Any CPU
		{BE663B36-D9AF-4D2B-8575-B8ADF130566C}.Debug|Any CPU.Build.0 = Debug|Any CPU
		{BE663B36-D9AF-4D2B-8575-B8ADF130566C}.Release|Any CPU.ActiveCfg = Release|Any CPU
		{BE663B36-D9AF-4D2B-8575-B8ADF130566C}.Release|Any CPU.Build.0 = Release|Any CPU
	EndGlobalSection
	GlobalSection(SolutionProperties) = preSolution
		HideSolutionNode = FALSE
	EndGlobalSection
EndGlobal
